github.com/matehaxor03/holistic_db_client v0.0.232 h1:BpXBPcoYhQQExuuWfi4Fx19gplFMwsJmswPcJd2lCUs=
github.com/matehaxor03/holistic_db_client v0.0.232/go.mod h1:hdquyETaRhUjHj6xD9sasdueb4sHYSyAcm+CiWKPuc0=
github.com/matehaxor03/holistic_db_client v0.0.233 h1:susYjq3SGSAO2+pe1OpRJHB+8o8GgVlKp4BxSdd+XU0=
github.com/matehaxor03/holistic_db_client v0.0.233/go.mod h1:hdquyETaRhUjHj6xD9sasdueb4sHYSyAcm+CiWKPuc0=
github.com/matehaxor03/holistic_db_client v0.0.234 h1:Ktm34Stv3noWxUTksdGpyMmB6VJf4Ub8WGxhLr9be78=
github.com/matehaxor03/holistic_db_client v0.0.234/go.mod h1:hdquyETaRhUjHj6xD9sasdueb4sHYSyAcm+CiWKPuc0=
github.com/matehaxor03/holistic_db_client v0.0.235 h1:2qtR3KHlrTKnDcjfMXAJpNA9usl8gZL4O2aXHhfDAig=
github.com/matehaxor03/holistic_db_client v0.0.235/go.mod h1:hdquyETaRhUjHj6xD9sasdueb4sHYSyAcm+CiWKPuc0=
github.com/matehaxor03/holistic_db_client v0.0.236 h1:QzwLtYFvWfy1njG3HreJwPFkzCv3vKW6eV+NuTxI084=
github.com/matehaxor03/holistic_db_client v0.0.236/go.mod h1:hdquyETaRhUjHj6xD9sasdueb4sHYSyAcm+CiWKPuc0=
