github.com/matehaxor03/holistic_db_client v0.0.72 h1:Nmv3IGlG3o/TcOUiMxS2Iqe+bhDYC4OJ6yY6SAC+iQg=
github.com/matehaxor03/holistic_db_client v0.0.72/go.mod h1:hdquyETaRhUjHj6xD9sasdueb4sHYSyAcm+CiWKPuc0=
github.com/matehaxor03/holistic_db_client v0.0.73 h1:f5npap6KBRcSt/5IPw+Cy9NnugV3A9SfQu7bNKjDBq8=
github.com/matehaxor03/holistic_db_client v0.0.73/go.mod h1:hdquyETaRhUjHj6xD9sasdueb4sHYSyAcm+CiWKPuc0=
github.com/matehaxor03/holistic_db_client v0.0.74 h1:WkQXi67A3X0Dx78h7nwgu/8k3it30HxqgnI391tVDo4=
github.com/matehaxor03/holistic_db_client v0.0.74/go.mod h1:hdquyETaRhUjHj6xD9sasdueb4sHYSyAcm+CiWKPuc0=
github.com/matehaxor03/holistic_db_client v0.0.75 h1:g1h1n/Q9uELmQ2vDxAv6+8Wq1FTLLRvk9QWLTF0DNMk=
github.com/matehaxor03/holistic_db_client v0.0.75/go.mod h1:hdquyETaRhUjHj6xD9sasdueb4sHYSyAcm+CiWKPuc0=
github.com/matehaxor03/holistic_db_client v0.0.76 h1:29k7kMtZ3NKaL34iC9vruttPFza5HC04C1UXw9YKKU8=
github.com/matehaxor03/holistic_db_client v0.0.76/go.mod h1:hdquyETaRhUjHj6xD9sasdueb4sHYSyAcm+CiWKPuc0=
github.com/matehaxor03/holistic_db_client v0.0.77 h1:BCqYUhATVxyOTM1MVu2mHwe+kSFXSpxuBZb7XZd1Xm8=
github.com/matehaxor03/holistic_db_client v0.0.77/go.mod h1:hdquyETaRhUjHj6xD9sasdueb4sHYSyAcm+CiWKPuc0=
github.com/matehaxor03/holistic_db_client v0.0.78 h1:LTrexyGqpbMlg8IF1cCaxWFQmZ9Eqdjvr7Asxn1Pkjg=
github.com/matehaxor03/holistic_db_client v0.0.78/go.mod h1:hdquyETaRhUjHj6xD9sasdueb4sHYSyAcm+CiWKPuc0=
github.com/matehaxor03/holistic_db_client v0.0.79 h1:tabvLfIACB7nVN5UQM6QC5m2y7vOAE/cZ2P9m/Du3Zg=
github.com/matehaxor03/holistic_db_client v0.0.79/go.mod h1:hdquyETaRhUjHj6xD9sasdueb4sHYSyAcm+CiWKPuc0=
github.com/matehaxor03/holistic_db_client v0.0.80 h1:eb6IkbPb/orWT/+uL7120nE2/+3c4ojFTqX17CBvQeY=
github.com/matehaxor03/holistic_db_client v0.0.80/go.mod h1:hdquyETaRhUjHj6xD9sasdueb4sHYSyAcm+CiWKPuc0=
github.com/matehaxor03/holistic_db_client v0.0.81 h1:NZLLdjrOcTco8TrxHfGVk4j3IcH0ty2ADeBCbivs7k4=
github.com/matehaxor03/holistic_db_client v0.0.81/go.mod h1:hdquyETaRhUjHj6xD9sasdueb4sHYSyAcm+CiWKPuc0=
github.com/matehaxor03/holistic_db_client v0.0.82 h1:cbacWdN9KTaGsCKg3dalU4a+qm2qmJSIX7RAZVwzRbg=
github.com/matehaxor03/holistic_db_client v0.0.82/go.mod h1:hdquyETaRhUjHj6xD9sasdueb4sHYSyAcm+CiWKPuc0=
github.com/matehaxor03/holistic_db_client v0.0.83 h1:keb2gc4s1VkmNnlhXTR7sTIbP3Mnq4J22ZjH75GiIx0=
github.com/matehaxor03/holistic_db_client v0.0.83/go.mod h1:hdquyETaRhUjHj6xD9sasdueb4sHYSyAcm+CiWKPuc0=
